
Microsoft Visual Studio Solution File, Format Version 12.00
# Visual Studio 15
VisualStudioVersion = 15.0.27019.1
MinimumVisualStudioVersion = 10.0.40219.1
Project("{FAE04EC0-301F-11D3-BF4B-00C04F79EFBC}") = "CRMWinForm", "CRMWinForm\CRMWinForm.csproj", "{5BBECE21-558F-48C5-9DA2-FA104299DC67}"
EndProject
Project("{2150E333-8FDC-42A3-9474-1A3956D46DE8}") = "Solution Items", "Solution Items", "{5A6CDDEB-61E5-44A2-ADFC-230AA7EA25D3}"
	ProjectSection(SolutionItems) = preProject
		Cinteros.Xrm.CRMWinForm.nuspec = Cinteros.Xrm.CRMWinForm.nuspec
	EndProjectSection
EndProject
Project("{FAE04EC0-301F-11D3-BF4B-00C04F79EFBC}") = "WinFormTest", "WinFormTest\WinFormTest.csproj", "{08D3A1E4-7C1E-4DBC-A9EE-8D2084ACE03E}"
EndProject
Global
	GlobalSection(SolutionConfigurationPlatforms) = preSolution
		Debug|Any CPU = Debug|Any CPU
		Release|Any CPU = Release|Any CPU
	EndGlobalSection
	GlobalSection(ProjectConfigurationPlatforms) = postSolution
		{5BBECE21-558F-48C5-9DA2-FA104299DC67}.Debug|Any CPU.ActiveCfg = Debug|Any CPU
		{5BBECE21-558F-48C5-9DA2-FA104299DC67}.Debug|Any CPU.Build.0 = Debug|Any CPU
		{5BBECE21-558F-48C5-9DA2-FA104299DC67}.Release|Any CPU.ActiveCfg = Release|Any CPU
		{5BBECE21-558F-48C5-9DA2-FA104299DC67}.Release|Any CPU.Build.0 = Release|Any CPU
		{08D3A1E4-7C1E-4DBC-A9EE-8D2084ACE03E}.Debug|Any CPU.ActiveCfg = Debug|Any CPU
		{08D3A1E4-7C1E-4DBC-A9EE-8D2084ACE03E}.Debug|Any CPU.Build.0 = Debug|Any CPU
		{08D3A1E4-7C1E-4DBC-A9EE-8D2084ACE03E}.Release|Any CPU.ActiveCfg = Release|Any CPU
		{08D3A1E4-7C1E-4DBC-A9EE-8D2084ACE03E}.Release|Any CPU.Build.0 = Release|Any CPU
	EndGlobalSection
	GlobalSection(SolutionProperties) = preSolution
		HideSolutionNode = FALSE
	EndGlobalSection
	GlobalSection(ExtensibilityGlobals) = postSolution
		SolutionGuid = {3120C936-6AD8-480D-A3FC-FC1DE5938B06}
	EndGlobalSection
EndGlobal
